
Microsoft Visual Studio Solution File, Format Version 12.00
# Visual Studio 2013
VisualStudioVersion = 12.0.30723.0
MinimumVisualStudioVersion = 10.0.40219.1
Project("{FAE04EC0-301F-11D3-BF4B-00C04F79EFBC}") = "PRO-BYT-kalendarz", "PRO-BYT-kalendarz\PRO-BYT-kalendarz.csproj", "{FFE80D9C-C545-45EC-B218-988A538A8AF4}"
EndProject
Project("{FAE04EC0-301F-11D3-BF4B-00C04F79EFBC}") = "ModelTests", "UnitTestProject1\ModelTests.csproj", "{78315686-7CD2-4252-A1F8-194645F1ED56}"
EndProject
Global
	GlobalSection(SolutionConfigurationPlatforms) = preSolution
		Debug|Any CPU = Debug|Any CPU
		Release|Any CPU = Release|Any CPU
	EndGlobalSection
	GlobalSection(ProjectConfigurationPlatforms) = postSolution
		{FFE80D9C-C545-45EC-B218-988A538A8AF4}.Debug|Any CPU.ActiveCfg = Debug|Any CPU
		{FFE80D9C-C545-45EC-B218-988A538A8AF4}.Debug|Any CPU.Build.0 = Debug|Any CPU
		{FFE80D9C-C545-45EC-B218-988A538A8AF4}.Release|Any CPU.ActiveCfg = Release|Any CPU
		{FFE80D9C-C545-45EC-B218-988A538A8AF4}.Release|Any CPU.Build.0 = Release|Any CPU
		{78315686-7CD2-4252-A1F8-194645F1ED56}.Debug|Any CPU.ActiveCfg = Debug|Any CPU
		{78315686-7CD2-4252-A1F8-194645F1ED56}.Debug|Any CPU.Build.0 = Debug|Any CPU
		{78315686-7CD2-4252-A1F8-194645F1ED56}.Release|Any CPU.ActiveCfg = Release|Any CPU
		{78315686-7CD2-4252-A1F8-194645F1ED56}.Release|Any CPU.Build.0 = Release|Any CPU
	EndGlobalSection
	GlobalSection(SolutionProperties) = preSolution
		HideSolutionNode = FALSE
	EndGlobalSection
EndGlobal
